
Microsoft Visual Studio Solution File, Format Version 12.00
# Visual Studio 2013
VisualStudioVersion = 12.0.30723.0
MinimumVisualStudioVersion = 10.0.40219.1
Project("{FAE04EC0-301F-11D3-BF4B-00C04F79EFBC}") = "Options.Package", "Remarker\Options.Package.csproj", "{727853F1-B687-48DD-A474-9ACFEFDBCC16}"
EndProject
Project("{FAE04EC0-301F-11D3-BF4B-00C04F79EFBC}") = "Options.Dialog", "Options\Options.Dialog.csproj", "{C9404365-1701-475B-9FB3-0C364253EAC2}"
EndProject
Project("{FAE04EC0-301F-11D3-BF4B-00C04F79EFBC}") = "NLogConfig", "..\nlogconfig\NLogConfig\NLogConfig.csproj", "{0885B814-25A1-4BB4-A1CB-EC79E5DA6A4D}"
EndProject
Global
	GlobalSection(SolutionConfigurationPlatforms) = preSolution
		Debug|Any CPU = Debug|Any CPU
		Debug|ARM = Debug|ARM
		Debug|x64 = Debug|x64
		Debug|x86 = Debug|x86
		Release|Any CPU = Release|Any CPU
		Release|ARM = Release|ARM
		Release|x64 = Release|x64
		Release|x86 = Release|x86
	EndGlobalSection
	GlobalSection(ProjectConfigurationPlatforms) = postSolution
		{727853F1-B687-48DD-A474-9ACFEFDBCC16}.Debug|Any CPU.ActiveCfg = Debug|Any CPU
		{727853F1-B687-48DD-A474-9ACFEFDBCC16}.Debug|Any CPU.Build.0 = Debug|Any CPU
		{727853F1-B687-48DD-A474-9ACFEFDBCC16}.Debug|ARM.ActiveCfg = Debug|Any CPU
		{727853F1-B687-48DD-A474-9ACFEFDBCC16}.Debug|x64.ActiveCfg = Debug|Any CPU
		{727853F1-B687-48DD-A474-9ACFEFDBCC16}.Debug|x86.ActiveCfg = Debug|Any CPU
		{727853F1-B687-48DD-A474-9ACFEFDBCC16}.Release|Any CPU.ActiveCfg = Release|Any CPU
		{727853F1-B687-48DD-A474-9ACFEFDBCC16}.Release|Any CPU.Build.0 = Release|Any CPU
		{727853F1-B687-48DD-A474-9ACFEFDBCC16}.Release|ARM.ActiveCfg = Release|Any CPU
		{727853F1-B687-48DD-A474-9ACFEFDBCC16}.Release|x64.ActiveCfg = Release|Any CPU
		{727853F1-B687-48DD-A474-9ACFEFDBCC16}.Release|x86.ActiveCfg = Release|Any CPU
		{C9404365-1701-475B-9FB3-0C364253EAC2}.Debug|Any CPU.ActiveCfg = Debug|Any CPU
		{C9404365-1701-475B-9FB3-0C364253EAC2}.Debug|Any CPU.Build.0 = Debug|Any CPU
		{C9404365-1701-475B-9FB3-0C364253EAC2}.Debug|ARM.ActiveCfg = Debug|Any CPU
		{C9404365-1701-475B-9FB3-0C364253EAC2}.Debug|x64.ActiveCfg = Debug|Any CPU
		{C9404365-1701-475B-9FB3-0C364253EAC2}.Debug|x86.ActiveCfg = Debug|Any CPU
		{C9404365-1701-475B-9FB3-0C364253EAC2}.Release|Any CPU.ActiveCfg = Release|Any CPU
		{C9404365-1701-475B-9FB3-0C364253EAC2}.Release|Any CPU.Build.0 = Release|Any CPU
		{C9404365-1701-475B-9FB3-0C364253EAC2}.Release|ARM.ActiveCfg = Release|Any CPU
		{C9404365-1701-475B-9FB3-0C364253EAC2}.Release|x64.ActiveCfg = Release|Any CPU
		{C9404365-1701-475B-9FB3-0C364253EAC2}.Release|x86.ActiveCfg = Release|Any CPU
		{0885B814-25A1-4BB4-A1CB-EC79E5DA6A4D}.Debug|Any CPU.ActiveCfg = Debug|Any CPU
		{0885B814-25A1-4BB4-A1CB-EC79E5DA6A4D}.Debug|Any CPU.Build.0 = Debug|Any CPU
		{0885B814-25A1-4BB4-A1CB-EC79E5DA6A4D}.Debug|ARM.ActiveCfg = Debug|Any CPU
		{0885B814-25A1-4BB4-A1CB-EC79E5DA6A4D}.Debug|x64.ActiveCfg = Debug|Any CPU
		{0885B814-25A1-4BB4-A1CB-EC79E5DA6A4D}.Debug|x86.ActiveCfg = Debug|Any CPU
		{0885B814-25A1-4BB4-A1CB-EC79E5DA6A4D}.Release|Any CPU.ActiveCfg = Release|Any CPU
		{0885B814-25A1-4BB4-A1CB-EC79E5DA6A4D}.Release|Any CPU.Build.0 = Release|Any CPU
		{0885B814-25A1-4BB4-A1CB-EC79E5DA6A4D}.Release|ARM.ActiveCfg = Release|Any CPU
		{0885B814-25A1-4BB4-A1CB-EC79E5DA6A4D}.Release|x64.ActiveCfg = Release|Any CPU
		{0885B814-25A1-4BB4-A1CB-EC79E5DA6A4D}.Release|x86.ActiveCfg = Release|Any CPU
	EndGlobalSection
	GlobalSection(SolutionProperties) = preSolution
		HideSolutionNode = FALSE
	EndGlobalSection
	GlobalSection(ExtensibilityGlobals) = postSolution
		AssemblyInfoVersionSettings = 
		AssemblyFileVersionSettings = 
		AssemblyVersionSettings = None.IncrementOnDemand.DeltaDayStamp.Increment
		UpdateAssemblyInfoVersion = False
		UpdateAssemblyFileVersion = False
		UpdateAssemblyVersion = True
		AssemblyInfoFilePath = 
		ConfigurationFilter = 
	EndGlobalSection
EndGlobal
